
Microsoft Visual Studio Solution File, Format Version 12.00
# Visual Studio Version 16
VisualStudioVersion = 16.0.30804.86
MinimumVisualStudioVersion = 10.0.40219.1
Project("{FAE04EC0-301F-11D3-BF4B-00C04F79EFBC}") = "CalculadoraEstags", "CalculadoraEstags\CalculadoraEstags.csproj", "{F1B2AF94-109C-4025-94D0-12F98FACFAF9}"
EndProject
Global
	GlobalSection(SolutionConfigurationPlatforms) = preSolution
		Debug|Any CPU = Debug|Any CPU
		Release|Any CPU = Release|Any CPU
	EndGlobalSection
	GlobalSection(ProjectConfigurationPlatforms) = postSolution
		{F1B2AF94-109C-4025-94D0-12F98FACFAF9}.Debug|Any CPU.ActiveCfg = Debug|Any CPU
		{F1B2AF94-109C-4025-94D0-12F98FACFAF9}.Debug|Any CPU.Build.0 = Debug|Any CPU
		{F1B2AF94-109C-4025-94D0-12F98FACFAF9}.Release|Any CPU.ActiveCfg = Release|Any CPU
		{F1B2AF94-109C-4025-94D0-12F98FACFAF9}.Release|Any CPU.Build.0 = Release|Any CPU
	EndGlobalSection
	GlobalSection(SolutionProperties) = preSolution
		HideSolutionNode = FALSE
	EndGlobalSection
	GlobalSection(ExtensibilityGlobals) = postSolution
		SolutionGuid = {C37BC91A-50ED-4ED0-80EC-B675A571941C}
	EndGlobalSection
EndGlobal
